// !$*UTF8*$!
{
	archiveVersion = 1;
	classes = {
	};
	objectVersion = 48;
	objects = {

/* Begin PBXBuildFile section */
		41B4AF04212DB6B40008E66B /* AppDelegate.m in Sources */ = {isa = PBXBuildFile; fileRef = 41B4AF03212DB6B40008E66B /* AppDelegate.m */; };
		41B4AF07212DB6B40008E66B /* ViewController.m in Sources */ = {isa = PBXBuildFile; fileRef = 41B4AF06212DB6B40008E66B /* ViewController.m */; };
		41B4AF0A212DB6B40008E66B /* Main.storyboard in Resources */ = {isa = PBXBuildFile; fileRef = 41B4AF08212DB6B40008E66B /* Main.storyboard */; };
		41B4AF0C212DB6B40008E66B /* Assets.xcassets in Resources */ = {isa = PBXBuildFile; fileRef = 41B4AF0B212DB6B40008E66B /* Assets.xcassets */; };
		41B4AF0F212DB6B40008E66B /* LaunchScreen.storyboard in Resources */ = {isa = PBXBuildFile; fileRef = 41B4AF0D212DB6B40008E66B /* LaunchScreen.storyboard */; };
		41B4AF12212DB6B40008E66B /* main.m in Sources */ = {isa = PBXBuildFile; fileRef = 41B4AF11212DB6B40008E66B /* main.m */; };
		41E34190212E300100F19371 /* NDBaseNavigationController.m in Sources */ = {isa = PBXBuildFile; fileRef = 41E3418F212E300100F19371 /* NDBaseNavigationController.m */; };
		41E34193212E302700F19371 /* NDBaseTabBarController.m in Sources */ = {isa = PBXBuildFile; fileRef = 41E34192212E302700F19371 /* NDBaseTabBarController.m */; };
		41E34196212E303F00F19371 /* NDBaseViewController.m in Sources */ = {isa = PBXBuildFile; fileRef = 41E34195212E303F00F19371 /* NDBaseViewController.m */; };
		41E3419B212E32D700F19371 /* NDLoginViewController.m in Sources */ = {isa = PBXBuildFile; fileRef = 41E34199212E32D700F19371 /* NDLoginViewController.m */; };
		41E3419C212E32D700F19371 /* NDLoginViewController.xib in Resources */ = {isa = PBXBuildFile; fileRef = 41E3419A212E32D700F19371 /* NDLoginViewController.xib */; };
		41E341A0212E32E800F19371 /* NDHomeViewController.m in Sources */ = {isa = PBXBuildFile; fileRef = 41E3419E212E32E800F19371 /* NDHomeViewController.m */; };
		41E341A1212E32E800F19371 /* NDHomeViewController.xib in Resources */ = {isa = PBXBuildFile; fileRef = 41E3419F212E32E800F19371 /* NDHomeViewController.xib */; };
		41E341A5212E32FD00F19371 /* NDNiudanViewController.m in Sources */ = {isa = PBXBuildFile; fileRef = 41E341A3212E32FD00F19371 /* NDNiudanViewController.m */; };
		41E341A6212E32FD00F19371 /* NDNiudanViewController.xib in Resources */ = {isa = PBXBuildFile; fileRef = 41E341A4212E32FD00F19371 /* NDNiudanViewController.xib */; };
		41E341AA212E331400F19371 /* NDPackageViewController.m in Sources */ = {isa = PBXBuildFile; fileRef = 41E341A8212E331400F19371 /* NDPackageViewController.m */; };
		41E341AB212E331400F19371 /* NDPackageViewController.xib in Resources */ = {isa = PBXBuildFile; fileRef = 41E341A9212E331400F19371 /* NDPackageViewController.xib */; };
		41E341AF212E332700F19371 /* NDMineViewController.m in Sources */ = {isa = PBXBuildFile; fileRef = 41E341AD212E332700F19371 /* NDMineViewController.m */; };
		41E341B0212E332700F19371 /* NDMineViewController.xib in Resources */ = {isa = PBXBuildFile; fileRef = 41E341AE212E332700F19371 /* NDMineViewController.xib */; };
		A94DFA5EA5A7F199B9A4FE09 /* libPods-niudanios.a in Frameworks */ = {isa = PBXBuildFile; fileRef = 6BE9B46B95753F0ABE41725E /* libPods-niudanios.a */; };
/* End PBXBuildFile section */

/* Begin PBXFileReference section */
		02A9B9D301B91C1015EC5A55 /* Pods-niudanios.debug.xcconfig */ = {isa = PBXFileReference; includeInIndex = 1; lastKnownFileType = text.xcconfig; name = "Pods-niudanios.debug.xcconfig"; path = "Target Support Files/Pods-niudanios/Pods-niudanios.debug.xcconfig"; sourceTree = "<group>"; };
		41B4AEFF212DB6B40008E66B /* niudanios.app */ = {isa = PBXFileReference; explicitFileType = wrapper.application; includeInIndex = 0; path = niudanios.app; sourceTree = BUILT_PRODUCTS_DIR; };
		41B4AF02212DB6B40008E66B /* AppDelegate.h */ = {isa = PBXFileReference; lastKnownFileType = sourcecode.c.h; path = AppDelegate.h; sourceTree = "<group>"; };
		41B4AF03212DB6B40008E66B /* AppDelegate.m */ = {isa = PBXFileReference; lastKnownFileType = sourcecode.c.objc; path = AppDelegate.m; sourceTree = "<group>"; };
		41B4AF05212DB6B40008E66B /* ViewController.h */ = {isa = PBXFileReference; lastKnownFileType = sourcecode.c.h; path = ViewController.h; sourceTree = "<group>"; };
		41B4AF06212DB6B40008E66B /* ViewController.m */ = {isa = PBXFileReference; lastKnownFileType = sourcecode.c.objc; path = ViewController.m; sourceTree = "<group>"; };
		41B4AF09212DB6B40008E66B /* Base */ = {isa = PBXFileReference; lastKnownFileType = file.storyboard; name = Base; path = Base.lproj/Main.storyboard; sourceTree = "<group>"; };
		41B4AF0B212DB6B40008E66B /* Assets.xcassets */ = {isa = PBXFileReference; lastKnownFileType = folder.assetcatalog; path = Assets.xcassets; sourceTree = "<group>"; };
		41B4AF0E212DB6B40008E66B /* Base */ = {isa = PBXFileReference; lastKnownFileType = file.storyboard; name = Base; path = Base.lproj/LaunchScreen.storyboard; sourceTree = "<group>"; };
		41B4AF10212DB6B40008E66B /* Info.plist */ = {isa = PBXFileReference; lastKnownFileType = text.plist.xml; path = Info.plist; sourceTree = "<group>"; };
		41B4AF11212DB6B40008E66B /* main.m */ = {isa = PBXFileReference; lastKnownFileType = sourcecode.c.objc; path = main.m; sourceTree = "<group>"; };
		41E3418E212E300100F19371 /* NDBaseNavigationController.h */ = {isa = PBXFileReference; lastKnownFileType = sourcecode.c.h; path = NDBaseNavigationController.h; sourceTree = "<group>"; };
		41E3418F212E300100F19371 /* NDBaseNavigationController.m */ = {isa = PBXFileReference; lastKnownFileType = sourcecode.c.objc; path = NDBaseNavigationController.m; sourceTree = "<group>"; };
		41E34191212E302700F19371 /* NDBaseTabBarController.h */ = {isa = PBXFileReference; lastKnownFileType = sourcecode.c.h; path = NDBaseTabBarController.h; sourceTree = "<group>"; };
		41E34192212E302700F19371 /* NDBaseTabBarController.m */ = {isa = PBXFileReference; lastKnownFileType = sourcecode.c.objc; path = NDBaseTabBarController.m; sourceTree = "<group>"; };
		41E34194212E303F00F19371 /* NDBaseViewController.h */ = {isa = PBXFileReference; lastKnownFileType = sourcecode.c.h; path = NDBaseViewController.h; sourceTree = "<group>"; };
		41E34195212E303F00F19371 /* NDBaseViewController.m */ = {isa = PBXFileReference; lastKnownFileType = sourcecode.c.objc; path = NDBaseViewController.m; sourceTree = "<group>"; };
		41E34197212E30A800F19371 /* PrefixHeader.pch */ = {isa = PBXFileReference; lastKnownFileType = sourcecode.c.h; path = PrefixHeader.pch; sourceTree = "<group>"; };
		41E34198212E32D700F19371 /* NDLoginViewController.h */ = {isa = PBXFileReference; lastKnownFileType = sourcecode.c.h; path = NDLoginViewController.h; sourceTree = "<group>"; };
		41E34199212E32D700F19371 /* NDLoginViewController.m */ = {isa = PBXFileReference; lastKnownFileType = sourcecode.c.objc; path = NDLoginViewController.m; sourceTree = "<group>"; };
		41E3419A212E32D700F19371 /* NDLoginViewController.xib */ = {isa = PBXFileReference; lastKnownFileType = file.xib; path = NDLoginViewController.xib; sourceTree = "<group>"; };
		41E3419D212E32E800F19371 /* NDHomeViewController.h */ = {isa = PBXFileReference; lastKnownFileType = sourcecode.c.h; path = NDHomeViewController.h; sourceTree = "<group>"; };
		41E3419E212E32E800F19371 /* NDHomeViewController.m */ = {isa = PBXFileReference; lastKnownFileType = sourcecode.c.objc; path = NDHomeViewController.m; sourceTree = "<group>"; };
		41E3419F212E32E800F19371 /* NDHomeViewController.xib */ = {isa = PBXFileReference; lastKnownFileType = file.xib; path = NDHomeViewController.xib; sourceTree = "<group>"; };
		41E341A2212E32FD00F19371 /* NDNiudanViewController.h */ = {isa = PBXFileReference; lastKnownFileType = sourcecode.c.h; path = NDNiudanViewController.h; sourceTree = "<group>"; };
		41E341A3212E32FD00F19371 /* NDNiudanViewController.m */ = {isa = PBXFileReference; lastKnownFileType = sourcecode.c.objc; path = NDNiudanViewController.m; sourceTree = "<group>"; };
		41E341A4212E32FD00F19371 /* NDNiudanViewController.xib */ = {isa = PBXFileReference; lastKnownFileType = file.xib; path = NDNiudanViewController.xib; sourceTree = "<group>"; };
		41E341A7212E331400F19371 /* NDPackageViewController.h */ = {isa = PBXFileReference; lastKnownFileType = sourcecode.c.h; path = NDPackageViewController.h; sourceTree = "<group>"; };
		41E341A8212E331400F19371 /* NDPackageViewController.m */ = {isa = PBXFileReference; lastKnownFileType = sourcecode.c.objc; path = NDPackageViewController.m; sourceTree = "<group>"; };
		41E341A9212E331400F19371 /* NDPackageViewController.xib */ = {isa = PBXFileReference; lastKnownFileType = file.xib; path = NDPackageViewController.xib; sourceTree = "<group>"; };
		41E341AC212E332700F19371 /* NDMineViewController.h */ = {isa = PBXFileReference; lastKnownFileType = sourcecode.c.h; path = NDMineViewController.h; sourceTree = "<group>"; };
		41E341AD212E332700F19371 /* NDMineViewController.m */ = {isa = PBXFileReference; lastKnownFileType = sourcecode.c.objc; path = NDMineViewController.m; sourceTree = "<group>"; };
		41E341AE212E332700F19371 /* NDMineViewController.xib */ = {isa = PBXFileReference; lastKnownFileType = file.xib; path = NDMineViewController.xib; sourceTree = "<group>"; };
		6BE9B46B95753F0ABE41725E /* libPods-niudanios.a */ = {isa = PBXFileReference; explicitFileType = archive.ar; includeInIndex = 0; path = "libPods-niudanios.a"; sourceTree = BUILT_PRODUCTS_DIR; };
		B9BCEE4AFDF1560BE4DEA52D /* Pods-niudanios.release.xcconfig */ = {isa = PBXFileReference; includeInIndex = 1; lastKnownFileType = text.xcconfig; name = "Pods-niudanios.release.xcconfig"; path = "Target Support Files/Pods-niudanios/Pods-niudanios.release.xcconfig"; sourceTree = "<group>"; };
/* End PBXFileReference section */

/* Begin PBXFrameworksBuildPhase section */
		41B4AEFC212DB6B40008E66B /* Frameworks */ = {
			isa = PBXFrameworksBuildPhase;
			buildActionMask = 2147483647;
			files = (
				A94DFA5EA5A7F199B9A4FE09 /* libPods-niudanios.a in Frameworks */,
			);
			runOnlyForDeploymentPostprocessing = 0;
		};
/* End PBXFrameworksBuildPhase section */

/* Begin PBXGroup section */
		3E036F52C8B07511D6B096B2 /* Frameworks */ = {
			isa = PBXGroup;
			children = (
				6BE9B46B95753F0ABE41725E /* libPods-niudanios.a */,
			);
			name = Frameworks;
			sourceTree = "<group>";
		};
		41B4AEF6212DB6B40008E66B = {
			isa = PBXGroup;
			children = (
				41B4AF01212DB6B40008E66B /* niudanios */,
				41B4AF00212DB6B40008E66B /* Products */,
				4E1E5BEE35A1C04FD36696F6 /* Pods */,
				3E036F52C8B07511D6B096B2 /* Frameworks */,
			);
			sourceTree = "<group>";
		};
		41B4AF00212DB6B40008E66B /* Products */ = {
			isa = PBXGroup;
			children = (
				41B4AEFF212DB6B40008E66B /* niudanios.app */,
			);
			name = Products;
			sourceTree = "<group>";
		};
		41B4AF01212DB6B40008E66B /* niudanios */ = {
			isa = PBXGroup;
			children = (
				41E34171212E2E9B00F19371 /* MAIN */,
				41E34172212E2EA800F19371 /* FUNCTION */,
				41E3418D212E2FAC00F19371 /* Other */,
			);
			path = niudanios;
			sourceTree = "<group>";
		};
		41E34171212E2E9B00F19371 /* MAIN */ = {
			isa = PBXGroup;
			children = (
				41E3418E212E300100F19371 /* NDBaseNavigationController.h */,
				41E3418F212E300100F19371 /* NDBaseNavigationController.m */,
				41E34191212E302700F19371 /* NDBaseTabBarController.h */,
				41E34192212E302700F19371 /* NDBaseTabBarController.m */,
				41E34194212E303F00F19371 /* NDBaseViewController.h */,
				41E34195212E303F00F19371 /* NDBaseViewController.m */,
			);
			path = MAIN;
			sourceTree = "<group>";
		};
		41E34172212E2EA800F19371 /* FUNCTION */ = {
			isa = PBXGroup;
			children = (
				41E34173212E2EB100F19371 /* Login */,
				41E34178212E2EEC00F19371 /* Home */,
				41E3417D212E2F0300F19371 /* Niudan */,
				41E34182212E2F7500F19371 /* Package */,
				41E34187212E2F8300F19371 /* Mine */,
			);
			path = FUNCTION;
			sourceTree = "<group>";
		};
		41E34173212E2EB100F19371 /* Login */ = {
			isa = PBXGroup;
			children = (
				41E34174212E2EB100F19371 /* Controller */,
				41E34175212E2EB100F19371 /* Model */,
				41E34176212E2EB100F19371 /* Other */,
				41E34177212E2EB100F19371 /* View */,
			);
			path = Login;
			sourceTree = "<group>";
		};
		41E34174212E2EB100F19371 /* Controller */ = {
			isa = PBXGroup;
			children = (
				41E34198212E32D700F19371 /* NDLoginViewController.h */,
				41E34199212E32D700F19371 /* NDLoginViewController.m */,
				41E3419A212E32D700F19371 /* NDLoginViewController.xib */,
			);
			path = Controller;
			sourceTree = "<group>";
		};
		41E34175212E2EB100F19371 /* Model */ = {
			isa = PBXGroup;
			children = (
			);
			path = Model;
			sourceTree = "<group>";
		};
		41E34176212E2EB100F19371 /* Other */ = {
			isa = PBXGroup;
			children = (
			);
			path = Other;
			sourceTree = "<group>";
		};
		41E34177212E2EB100F19371 /* View */ = {
			isa = PBXGroup;
			children = (
			);
			path = View;
			sourceTree = "<group>";
		};
		41E34178212E2EEC00F19371 /* Home */ = {
			isa = PBXGroup;
			children = (
				41E34179212E2EEC00F19371 /* Controller */,
				41E3417A212E2EEC00F19371 /* Model */,
				41E3417B212E2EEC00F19371 /* Other */,
				41E3417C212E2EEC00F19371 /* View */,
			);
			path = Home;
			sourceTree = "<group>";
		};
		41E34179212E2EEC00F19371 /* Controller */ = {
			isa = PBXGroup;
			children = (
				41E3419D212E32E800F19371 /* NDHomeViewController.h */,
				41E3419E212E32E800F19371 /* NDHomeViewController.m */,
				41E3419F212E32E800F19371 /* NDHomeViewController.xib */,
			);
			path = Controller;
			sourceTree = "<group>";
		};
		41E3417A212E2EEC00F19371 /* Model */ = {
			isa = PBXGroup;
			children = (
			);
			path = Model;
			sourceTree = "<group>";
		};
		41E3417B212E2EEC00F19371 /* Other */ = {
			isa = PBXGroup;
			children = (
			);
			path = Other;
			sourceTree = "<group>";
		};
		41E3417C212E2EEC00F19371 /* View */ = {
			isa = PBXGroup;
			children = (
			);
			path = View;
			sourceTree = "<group>";
		};
		41E3417D212E2F0300F19371 /* Niudan */ = {
			isa = PBXGroup;
			children = (
				41E3417E212E2F0300F19371 /* Controller */,
				41E3417F212E2F0300F19371 /* Model */,
				41E34180212E2F0300F19371 /* Other */,
				41E34181212E2F0300F19371 /* View */,
			);
			path = Niudan;
			sourceTree = "<group>";
		};
		41E3417E212E2F0300F19371 /* Controller */ = {
			isa = PBXGroup;
			children = (
				41E341A2212E32FD00F19371 /* NDNiudanViewController.h */,
				41E341A3212E32FD00F19371 /* NDNiudanViewController.m */,
				41E341A4212E32FD00F19371 /* NDNiudanViewController.xib */,
			);
			path = Controller;
			sourceTree = "<group>";
		};
		41E3417F212E2F0300F19371 /* Model */ = {
			isa = PBXGroup;
			children = (
			);
			path = Model;
			sourceTree = "<group>";
		};
		41E34180212E2F0300F19371 /* Other */ = {
			isa = PBXGroup;
			children = (
			);
			path = Other;
			sourceTree = "<group>";
		};
		41E34181212E2F0300F19371 /* View */ = {
			isa = PBXGroup;
			children = (
			);
			path = View;
			sourceTree = "<group>";
		};
		41E34182212E2F7500F19371 /* Package */ = {
			isa = PBXGroup;
			children = (
				41E34183212E2F7500F19371 /* Controller */,
				41E34184212E2F7500F19371 /* Model */,
				41E34185212E2F7500F19371 /* Other */,
				41E34186212E2F7500F19371 /* View */,
			);
			path = Package;
			sourceTree = "<group>";
		};
		41E34183212E2F7500F19371 /* Controller */ = {
			isa = PBXGroup;
			children = (
				41E341A7212E331400F19371 /* NDPackageViewController.h */,
				41E341A8212E331400F19371 /* NDPackageViewController.m */,
				41E341A9212E331400F19371 /* NDPackageViewController.xib */,
			);
			path = Controller;
			sourceTree = "<group>";
		};
		41E34184212E2F7500F19371 /* Model */ = {
			isa = PBXGroup;
			children = (
			);
			path = Model;
			sourceTree = "<group>";
		};
		41E34185212E2F7500F19371 /* Other */ = {
			isa = PBXGroup;
			children = (
			);
			path = Other;
			sourceTree = "<group>";
		};
		41E34186212E2F7500F19371 /* View */ = {
			isa = PBXGroup;
			children = (
			);
			path = View;
			sourceTree = "<group>";
		};
		41E34187212E2F8300F19371 /* Mine */ = {
			isa = PBXGroup;
			children = (
				41E34188212E2F8300F19371 /* Controller */,
				41E34189212E2F8300F19371 /* Model */,
				41E3418A212E2F8300F19371 /* Other */,
				41E3418B212E2F8300F19371 /* View */,
			);
			path = Mine;
			sourceTree = "<group>";
		};
		41E34188212E2F8300F19371 /* Controller */ = {
			isa = PBXGroup;
			children = (
				41E341AC212E332700F19371 /* NDMineViewController.h */,
				41E341AD212E332700F19371 /* NDMineViewController.m */,
				41E341AE212E332700F19371 /* NDMineViewController.xib */,
			);
			path = Controller;
			sourceTree = "<group>";
		};
		41E34189212E2F8300F19371 /* Model */ = {
			isa = PBXGroup;
			children = (
			);
			path = Model;
			sourceTree = "<group>";
		};
		41E3418A212E2F8300F19371 /* Other */ = {
			isa = PBXGroup;
			children = (
			);
			path = Other;
			sourceTree = "<group>";
		};
		41E3418B212E2F8300F19371 /* View */ = {
			isa = PBXGroup;
			children = (
			);
			path = View;
			sourceTree = "<group>";
		};
		41E3418D212E2FAC00F19371 /* Other */ = {
			isa = PBXGroup;
			children = (
				41B4AF02212DB6B40008E66B /* AppDelegate.h */,
				41B4AF03212DB6B40008E66B /* AppDelegate.m */,
				41B4AF05212DB6B40008E66B /* ViewController.h */,
				41B4AF06212DB6B40008E66B /* ViewController.m */,
				41B4AF08212DB6B40008E66B /* Main.storyboard */,
				41B4AF0B212DB6B40008E66B /* Assets.xcassets */,
				41B4AF0D212DB6B40008E66B /* LaunchScreen.storyboard */,
				41B4AF10212DB6B40008E66B /* Info.plist */,
				41B4AF11212DB6B40008E66B /* main.m */,
				41E34197212E30A800F19371 /* PrefixHeader.pch */,
			);
			name = Other;
			sourceTree = "<group>";
		};
		4E1E5BEE35A1C04FD36696F6 /* Pods */ = {
			isa = PBXGroup;
			children = (
				02A9B9D301B91C1015EC5A55 /* Pods-niudanios.debug.xcconfig */,
				B9BCEE4AFDF1560BE4DEA52D /* Pods-niudanios.release.xcconfig */,
			);
			path = Pods;
			sourceTree = "<group>";
		};
/* End PBXGroup section */

/* Begin PBXNativeTarget section */
		41B4AEFE212DB6B40008E66B /* niudanios */ = {
			isa = PBXNativeTarget;
			buildConfigurationList = 41B4AF15212DB6B40008E66B /* Build configuration list for PBXNativeTarget "niudanios" */;
			buildPhases = (
				56A84602F5362BEE0E7C72CE /* [CP] Check Pods Manifest.lock */,
				41B4AEFB212DB6B40008E66B /* Sources */,
				41B4AEFC212DB6B40008E66B /* Frameworks */,
				41B4AEFD212DB6B40008E66B /* Resources */,
				40AA3DEEB76475AE50F1C673 /* [CP] Copy Pods Resources */,
			);
			buildRules = (
			);
			dependencies = (
			);
			name = niudanios;
			productName = niudanios;
			productReference = 41B4AEFF212DB6B40008E66B /* niudanios.app */;
			productType = "com.apple.product-type.application";
		};
/* End PBXNativeTarget section */

/* Begin PBXProject section */
		41B4AEF7212DB6B40008E66B /* Project object */ = {
			isa = PBXProject;
			attributes = {
				CLASSPREFIX = ND;
				LastUpgradeCheck = 0910;
				ORGANIZATIONNAME = lsc;
				TargetAttributes = {
					41B4AEFE212DB6B40008E66B = {
						CreatedOnToolsVersion = 9.1;
						ProvisioningStyle = Automatic;
					};
				};
			};
			buildConfigurationList = 41B4AEFA212DB6B40008E66B /* Build configuration list for PBXProject "niudanios" */;
			compatibilityVersion = "Xcode 8.0";
			developmentRegion = en;
			hasScannedForEncodings = 0;
			knownRegions = (
				en,
				Base,
			);
			mainGroup = 41B4AEF6212DB6B40008E66B;
			productRefGroup = 41B4AF00212DB6B40008E66B /* Products */;
			projectDirPath = "";
			projectRoot = "";
			targets = (
				41B4AEFE212DB6B40008E66B /* niudanios */,
			);
		};
/* End PBXProject section */

/* Begin PBXResourcesBuildPhase section */
		41B4AEFD212DB6B40008E66B /* Resources */ = {
			isa = PBXResourcesBuildPhase;
			buildActionMask = 2147483647;
			files = (
				41E341A1212E32E800F19371 /* NDHomeViewController.xib in Resources */,
				41E341A6212E32FD00F19371 /* NDNiudanViewController.xib in Resources */,
				41E3419C212E32D700F19371 /* NDLoginViewController.xib in Resources */,
				41E341B0212E332700F19371 /* NDMineViewController.xib in Resources */,
				41B4AF0F212DB6B40008E66B /* LaunchScreen.storyboard in Resources */,
				41B4AF0C212DB6B40008E66B /* Assets.xcassets in Resources */,
				41E341AB212E331400F19371 /* NDPackageViewController.xib in Resources */,
				41B4AF0A212DB6B40008E66B /* Main.storyboard in Resources */,
			);
			runOnlyForDeploymentPostprocessing = 0;
		};
/* End PBXResourcesBuildPhase section */

/* Begin PBXShellScriptBuildPhase section */
		40AA3DEEB76475AE50F1C673 /* [CP] Copy Pods Resources */ = {
			isa = PBXShellScriptBuildPhase;
			buildActionMask = 2147483647;
			files = (
			);
			inputPaths = (
				"${PODS_ROOT}/Target Support Files/Pods-niudanios/Pods-niudanios-resources.sh",
				"${PODS_ROOT}/IQKeyboardManager/IQKeyboardManager/Resources/IQKeyboardManager.bundle",
				"${PODS_ROOT}/MJRefresh/MJRefresh/MJRefresh.bundle",
				"${PODS_ROOT}/SAMKeychain/Support/SAMKeychain.bundle",
				"${PODS_ROOT}/SVProgressHUD/SVProgressHUD/SVProgressHUD.bundle",
			);
			name = "[CP] Copy Pods Resources";
			outputPaths = (
				"${TARGET_BUILD_DIR}/${UNLOCALIZED_RESOURCES_FOLDER_PATH}/IQKeyboardManager.bundle",
				"${TARGET_BUILD_DIR}/${UNLOCALIZED_RESOURCES_FOLDER_PATH}/MJRefresh.bundle",
				"${TARGET_BUILD_DIR}/${UNLOCALIZED_RESOURCES_FOLDER_PATH}/SAMKeychain.bundle",
				"${TARGET_BUILD_DIR}/${UNLOCALIZED_RESOURCES_FOLDER_PATH}/SVProgressHUD.bundle",
			);
			runOnlyForDeploymentPostprocessing = 0;
			shellPath = /bin/sh;
			shellScript = "\"${PODS_ROOT}/Target Support Files/Pods-niudanios/Pods-niudanios-resources.sh\"\n";
			showEnvVarsInLog = 0;
		};
		56A84602F5362BEE0E7C72CE /* [CP] Check Pods Manifest.lock */ = {
			isa = PBXShellScriptBuildPhase;
			buildActionMask = 2147483647;
			files = (
			);
			inputPaths = (
				"${PODS_PODFILE_DIR_PATH}/Podfile.lock",
				"${PODS_ROOT}/Manifest.lock",
			);
			name = "[CP] Check Pods Manifest.lock";
			outputPaths = (
				"$(DERIVED_FILE_DIR)/Pods-niudanios-checkManifestLockResult.txt",
			);
			runOnlyForDeploymentPostprocessing = 0;
			shellPath = /bin/sh;
			shellScript = "diff \"${PODS_PODFILE_DIR_PATH}/Podfile.lock\" \"${PODS_ROOT}/Manifest.lock\" > /dev/null\nif [ $? != 0 ] ; then\n    # print error to STDERR\n    echo \"error: The sandbox is not in sync with the Podfile.lock. Run 'pod install' or update your CocoaPods installation.\" >&2\n    exit 1\nfi\n# This output is used by Xcode 'outputs' to avoid re-running this script phase.\necho \"SUCCESS\" > \"${SCRIPT_OUTPUT_FILE_0}\"\n";
			showEnvVarsInLog = 0;
		};
/* End PBXShellScriptBuildPhase section */

/* Begin PBXSourcesBuildPhase section */
		41B4AEFB212DB6B40008E66B /* Sources */ = {
			isa = PBXSourcesBuildPhase;
			buildActionMask = 2147483647;
			files = (
				41E34190212E300100F19371 /* NDBaseNavigationController.m in Sources */,
				41B4AF07212DB6B40008E66B /* ViewController.m in Sources */,
				41E34193212E302700F19371 /* NDBaseTabBarController.m in Sources */,
				41E341A0212E32E800F19371 /* NDHomeViewController.m in Sources */,
				41B4AF12212DB6B40008E66B /* main.m in Sources */,
				41E3419B212E32D700F19371 /* NDLoginViewController.m in Sources */,
				41B4AF04212DB6B40008E66B /* AppDelegate.m in Sources */,
				41E341AF212E332700F19371 /* NDMineViewController.m in Sources */,
				41E34196212E303F00F19371 /* NDBaseViewController.m in Sources */,
				41E341A5212E32FD00F19371 /* NDNiudanViewController.m in Sources */,
				41E341AA212E331400F19371 /* NDPackageViewController.m in Sources */,
			);
			runOnlyForDeploymentPostprocessing = 0;
		};
/* End PBXSourcesBuildPhase section */

/* Begin PBXVariantGroup section */
		41B4AF08212DB6B40008E66B /* Main.storyboard */ = {
			isa = PBXVariantGroup;
			children = (
				41B4AF09212DB6B40008E66B /* Base */,
			);
			name = Main.storyboard;
			sourceTree = "<group>";
		};
		41B4AF0D212DB6B40008E66B /* LaunchScreen.storyboard */ = {
			isa = PBXVariantGroup;
			children = (
				41B4AF0E212DB6B40008E66B /* Base */,
			);
			name = LaunchScreen.storyboard;
			sourceTree = "<group>";
		};
/* End PBXVariantGroup section */

/* Begin XCBuildConfiguration section */
		41B4AF13212DB6B40008E66B /* Debug */ = {
			isa = XCBuildConfiguration;
			buildSettings = {
				ALWAYS_SEARCH_USER_PATHS = NO;
				CLANG_ANALYZER_NONNULL = YES;
				CLANG_ANALYZER_NUMBER_OBJECT_CONVERSION = YES_AGGRESSIVE;
				CLANG_CXX_LANGUAGE_STANDARD = "gnu++14";
				CLANG_CXX_LIBRARY = "libc++";
				CLANG_ENABLE_MODULES = YES;
				CLANG_ENABLE_OBJC_ARC = YES;
				CLANG_WARN_BLOCK_CAPTURE_AUTORELEASING = YES;
				CLANG_WARN_BOOL_CONVERSION = YES;
				CLANG_WARN_COMMA = YES;
				CLANG_WARN_CONSTANT_CONVERSION = YES;
				CLANG_WARN_DIRECT_OBJC_ISA_USAGE = YES_ERROR;
				CLANG_WARN_DOCUMENTATION_COMMENTS = YES;
				CLANG_WARN_EMPTY_BODY = YES;
				CLANG_WARN_ENUM_CONVERSION = YES;
				CLANG_WARN_INFINITE_RECURSION = YES;
				CLANG_WARN_INT_CONVERSION = YES;
				CLANG_WARN_NON_LITERAL_NULL_CONVERSION = YES;
				CLANG_WARN_OBJC_LITERAL_CONVERSION = YES;
				CLANG_WARN_OBJC_ROOT_CLASS = YES_ERROR;
				CLANG_WARN_RANGE_LOOP_ANALYSIS = YES;
				CLANG_WARN_STRICT_PROTOTYPES = YES;
				CLANG_WARN_SUSPICIOUS_MOVE = YES;
				CLANG_WARN_UNGUARDED_AVAILABILITY = YES_AGGRESSIVE;
				CLANG_WARN_UNREACHABLE_CODE = YES;
				CLANG_WARN__DUPLICATE_METHOD_MATCH = YES;
				CODE_SIGN_IDENTITY = "iPhone Developer";
				COPY_PHASE_STRIP = NO;
				DEBUG_INFORMATION_FORMAT = dwarf;
				ENABLE_STRICT_OBJC_MSGSEND = YES;
				ENABLE_TESTABILITY = YES;
				GCC_C_LANGUAGE_STANDARD = gnu11;
				GCC_DYNAMIC_NO_PIC = NO;
				GCC_NO_COMMON_BLOCKS = YES;
				GCC_OPTIMIZATION_LEVEL = 0;
				GCC_PREPROCESSOR_DEFINITIONS = (
					"DEBUG=1",
					"$(inherited)",
				);
				GCC_WARN_64_TO_32_BIT_CONVERSION = YES;
				GCC_WARN_ABOUT_RETURN_TYPE = YES_ERROR;
				GCC_WARN_UNDECLARED_SELECTOR = YES;
				GCC_WARN_UNINITIALIZED_AUTOS = YES_AGGRESSIVE;
				GCC_WARN_UNUSED_FUNCTION = YES;
				GCC_WARN_UNUSED_VARIABLE = YES;
				IPHONEOS_DEPLOYMENT_TARGET = 11.1;
				MTL_ENABLE_DEBUG_INFO = YES;
				ONLY_ACTIVE_ARCH = YES;
				SDKROOT = iphoneos;
			};
			name = Debug;
		};
		41B4AF14212DB6B40008E66B /* Release */ = {
			isa = XCBuildConfiguration;
			buildSettings = {
				ALWAYS_SEARCH_USER_PATHS = NO;
				CLANG_ANALYZER_NONNULL = YES;
				CLANG_ANALYZER_NUMBER_OBJECT_CONVERSION = YES_AGGRESSIVE;
				CLANG_CXX_LANGUAGE_STANDARD = "gnu++14";
				CLANG_CXX_LIBRARY = "libc++";
				CLANG_ENABLE_MODULES = YES;
				CLANG_ENABLE_OBJC_ARC = YES;
				CLANG_WARN_BLOCK_CAPTURE_AUTORELEASING = YES;
				CLANG_WARN_BOOL_CONVERSION = YES;
				CLANG_WARN_COMMA = YES;
				CLANG_WARN_CONSTANT_CONVERSION = YES;
				CLANG_WARN_DIRECT_OBJC_ISA_USAGE = YES_ERROR;
				CLANG_WARN_DOCUMENTATION_COMMENTS = YES;
				CLANG_WARN_EMPTY_BODY = YES;
				CLANG_WARN_ENUM_CONVERSION = YES;
				CLANG_WARN_INFINITE_RECURSION = YES;
				CLANG_WARN_INT_CONVERSION = YES;
				CLANG_WARN_NON_LITERAL_NULL_CONVERSION = YES;
				CLANG_WARN_OBJC_LITERAL_CONVERSION = YES;
				CLANG_WARN_OBJC_ROOT_CLASS = YES_ERROR;
				CLANG_WARN_RANGE_LOOP_ANALYSIS = YES;
				CLANG_WARN_STRICT_PROTOTYPES = YES;
				CLANG_WARN_SUSPICIOUS_MOVE = YES;
				CLANG_WARN_UNGUARDED_AVAILABILITY = YES_AGGRESSIVE;
				CLANG_WARN_UNREACHABLE_CODE = YES;
				CLANG_WARN__DUPLICATE_METHOD_MATCH = YES;
				CODE_SIGN_IDENTITY = "iPhone Developer";
				COPY_PHASE_STRIP = NO;
				DEBUG_INFORMATION_FORMAT = "dwarf-with-dsym";
				ENABLE_NS_ASSERTIONS = NO;
				ENABLE_STRICT_OBJC_MSGSEND = YES;
				GCC_C_LANGUAGE_STANDARD = gnu11;
				GCC_NO_COMMON_BLOCKS = YES;
				GCC_WARN_64_TO_32_BIT_CONVERSION = YES;
				GCC_WARN_ABOUT_RETURN_TYPE = YES_ERROR;
				GCC_WARN_UNDECLARED_SELECTOR = YES;
				GCC_WARN_UNINITIALIZED_AUTOS = YES_AGGRESSIVE;
				GCC_WARN_UNUSED_FUNCTION = YES;
				GCC_WARN_UNUSED_VARIABLE = YES;
				IPHONEOS_DEPLOYMENT_TARGET = 11.1;
				MTL_ENABLE_DEBUG_INFO = NO;
				SDKROOT = iphoneos;
				VALIDATE_PRODUCT = YES;
			};
			name = Release;
		};
		41B4AF16212DB6B40008E66B /* Debug */ = {
			isa = XCBuildConfiguration;
			baseConfigurationReference = 02A9B9D301B91C1015EC5A55 /* Pods-niudanios.debug.xcconfig */;
			buildSettings = {
				ASSETCATALOG_COMPILER_APPICON_NAME = AppIcon;
				CODE_SIGN_STYLE = Automatic;
				GCC_PRECOMPILE_PREFIX_HEADER = YES;
				GCC_PREFIX_HEADER = "$(SRCROOT)/PrefixHeader.pch";
				INFOPLIST_FILE = niudanios/Info.plist;
				IPHONEOS_DEPLOYMENT_TARGET = 8.0;
				LD_RUNPATH_SEARCH_PATHS = "$(inherited) @executable_path/Frameworks";
				PRODUCT_BUNDLE_IDENTIFIER = com.lsc.niudanios;
				PRODUCT_NAME = "$(TARGET_NAME)";
				TARGETED_DEVICE_FAMILY = "1,2";
			};
			name = Debug;
		};
		41B4AF17212DB6B40008E66B /* Release */ = {
			isa = XCBuildConfiguration;
			baseConfigurationReference = B9BCEE4AFDF1560BE4DEA52D /* Pods-niudanios.release.xcconfig */;
			buildSettings = {
				ASSETCATALOG_COMPILER_APPICON_NAME = AppIcon;
				CODE_SIGN_STYLE = Automatic;
				GCC_PRECOMPILE_PREFIX_HEADER = YES;
				GCC_PREFIX_HEADER = "$(SRCROOT)/PrefixHeader.pch";
				INFOPLIST_FILE = niudanios/Info.plist;
				IPHONEOS_DEPLOYMENT_TARGET = 8.0;
				LD_RUNPATH_SEARCH_PATHS = "$(inherited) @executable_path/Frameworks";
				PRODUCT_BUNDLE_IDENTIFIER = com.lsc.niudanios;
				PRODUCT_NAME = "$(TARGET_NAME)";
				TARGETED_DEVICE_FAMILY = "1,2";
			};
			name = Release;
		};
/* End XCBuildConfiguration section */

/* Begin XCConfigurationList section */
		41B4AEFA212DB6B40008E66B /* Build configuration list for PBXProject "niudanios" */ = {
			isa = XCConfigurationList;
			buildConfigurations = (
				41B4AF13212DB6B40008E66B /* Debug */,
				41B4AF14212DB6B40008E66B /* Release */,
			);
			defaultConfigurationIsVisible = 0;
			defaultConfigurationName = Release;
		};
		41B4AF15212DB6B40008E66B /* Build configuration list for PBXNativeTarget "niudanios" */ = {
			isa = XCConfigurationList;
			buildConfigurations = (
				41B4AF16212DB6B40008E66B /* Debug */,
				41B4AF17212DB6B40008E66B /* Release */,
			);
			defaultConfigurationIsVisible = 0;
			defaultConfigurationName = Release;
		};
/* End XCConfigurationList section */
	};
	rootObject = 41B4AEF7212DB6B40008E66B /* Project object */;
}
